
Microsoft Visual Studio Solution File, Format Version 12.00
# Visual Studio 15
VisualStudioVersion = 15.0.28010.2036
MinimumVisualStudioVersion = 10.0.40219.1
Project("{FAE04EC0-301F-11D3-BF4B-00C04F79EFBC}") = "Grades", "Grades\Grades.csproj", "{0DA21C97-FFDD-40F0-A8E2-5A1893B67B2D}"
EndProject
Project("{FAE04EC0-301F-11D3-BF4B-00C04F79EFBC}") = "Grades.Tests", "Grades.Tests\Grades.Tests.csproj", "{AB899768-F416-4D63-8A71-5232BBCDFDCE}"
EndProject
Global
	GlobalSection(SolutionConfigurationPlatforms) = preSolution
		Debug|Any CPU = Debug|Any CPU
		Release|Any CPU = Release|Any CPU
	EndGlobalSection
	GlobalSection(ProjectConfigurationPlatforms) = postSolution
		{0DA21C97-FFDD-40F0-A8E2-5A1893B67B2D}.Debug|Any CPU.ActiveCfg = Debug|Any CPU
		{0DA21C97-FFDD-40F0-A8E2-5A1893B67B2D}.Debug|Any CPU.Build.0 = Debug|Any CPU
		{0DA21C97-FFDD-40F0-A8E2-5A1893B67B2D}.Release|Any CPU.ActiveCfg = Release|Any CPU
		{0DA21C97-FFDD-40F0-A8E2-5A1893B67B2D}.Release|Any CPU.Build.0 = Release|Any CPU
		{AB899768-F416-4D63-8A71-5232BBCDFDCE}.Debug|Any CPU.ActiveCfg = Debug|Any CPU
		{AB899768-F416-4D63-8A71-5232BBCDFDCE}.Debug|Any CPU.Build.0 = Debug|Any CPU
		{AB899768-F416-4D63-8A71-5232BBCDFDCE}.Release|Any CPU.ActiveCfg = Release|Any CPU
		{AB899768-F416-4D63-8A71-5232BBCDFDCE}.Release|Any CPU.Build.0 = Release|Any CPU
	EndGlobalSection
	GlobalSection(SolutionProperties) = preSolution
		HideSolutionNode = FALSE
	EndGlobalSection
	GlobalSection(ExtensibilityGlobals) = postSolution
		SolutionGuid = {BB20EF28-6223-4182-A9EE-4D0F5D20E70F}
	EndGlobalSection
EndGlobal
